
Microsoft Visual Studio Solution File, Format Version 12.00
# Visual Studio Version 16
VisualStudioVersion = 16.0.29409.12
MinimumVisualStudioVersion = 10.0.40219.1
Project("{FAE04EC0-301F-11D3-BF4B-00C04F79EFBC}") = "FinalProject", "FinalProject\FinalProject.csproj", "{76AE9468-FB44-471E-BB64-F2E9977911F9}"
EndProject
Global
	GlobalSection(SolutionConfigurationPlatforms) = preSolution
		Debug|Any CPU = Debug|Any CPU
		Release|Any CPU = Release|Any CPU
	EndGlobalSection
	GlobalSection(ProjectConfigurationPlatforms) = postSolution
		{76AE9468-FB44-471E-BB64-F2E9977911F9}.Debug|Any CPU.ActiveCfg = Debug|Any CPU
		{76AE9468-FB44-471E-BB64-F2E9977911F9}.Debug|Any CPU.Build.0 = Debug|Any CPU
		{76AE9468-FB44-471E-BB64-F2E9977911F9}.Release|Any CPU.ActiveCfg = Release|Any CPU
		{76AE9468-FB44-471E-BB64-F2E9977911F9}.Release|Any CPU.Build.0 = Release|Any CPU
	EndGlobalSection
	GlobalSection(SolutionProperties) = preSolution
		HideSolutionNode = FALSE
	EndGlobalSection
	GlobalSection(ExtensibilityGlobals) = postSolution
		SolutionGuid = {A5F5B6D6-7E9C-4346-9748-214151709597}
	EndGlobalSection
EndGlobal
